# @generated - this file is auto-generated by `mise lock` https://mise.jdx.dev/dev-tools/mise-lock.html

[[tools."github:openbao/openbao"]]
version = "2.6.1"
backend = "github:openbao/openbao"

[tools."github:openbao/openbao"."platforms.linux-arm64"]
checksum = "sha256:a74aa73b80000a4340a90edbf27726c0fb0a4537970eab6e1a7e0e211d117b75"
url = "https://github.com/openbao/openbao/releases/download/v2.6.1/openbao_2.6.1_linux_arm64.tar.gz"
url_api = "https://api.github.com/repos/openbao/openbao/releases/assets/486047088"

[tools."github:openbao/openbao"."platforms.linux-arm64-musl"]
checksum = "sha256:a74aa73b80000a4340a90edbf27726c0fb0a4537970eab6e1a7e0e211d117b75"
url = "https://github.com/openbao/openbao/releases/download/v2.6.1/openbao_2.6.1_linux_arm64.tar.gz"
url_api = "https://api.github.com/repos/openbao/openbao/releases/assets/486047088"

[tools."github:openbao/openbao"."platforms.linux-x64"]
checksum = "sha256:ca8d836eb3a5c80407e45e762300b64e7138c419e78826955f2e4ba4ce6d8a6b"
url = "https://github.com/openbao/openbao/releases/download/v2.6.1/openbao_2.6.1_linux_amd64.tar.gz"
url_api = "https://api.github.com/repos/openbao/openbao/releases/assets/486046894"

[tools."github:openbao/openbao"."platforms.linux-x64-musl"]
checksum = "sha256:ca8d836eb3a5c80407e45e762300b64e7138c419e78826955f2e4ba4ce6d8a6b"
url = "https://github.com/openbao/openbao/releases/download/v2.6.1/openbao_2.6.1_linux_amd64.tar.gz"
url_api = "https://api.github.com/repos/openbao/openbao/releases/assets/486046894"

[tools."github:openbao/openbao"."platforms.macos-arm64"]
checksum = "sha256:7e648d6c93320ab66ced394fd88528c7122b7c1d991605c8e9b3845262459905"
url = "https://github.com/openbao/openbao/releases/download/v2.6.1/openbao_2.6.1_darwin_arm64.tar.gz"
url_api = "https://api.github.com/repos/openbao/openbao/releases/assets/486046650"

[tools."github:openbao/openbao"."platforms.macos-x64"]
checksum = "sha256:9b052ea87a7d549b2e1c465b691dcdd7dacb97d0ac899b15bcb23eeca826cb7b"
url = "https://github.com/openbao/openbao/releases/download/v2.6.1/openbao_2.6.1_darwin_amd64.tar.gz"
url_api = "https://api.github.com/repos/openbao/openbao/releases/assets/486046626"

[tools."github:openbao/openbao"."platforms.windows-x64"]
checksum = "sha256:ea202839f2019dfc368802a940984a6ca7427409b11715a66d8173871c5a82df"
url = "https://github.com/openbao/openbao/releases/download/v2.6.1/openbao_2.6.1_windows_amd64.zip"
url_api = "https://api.github.com/repos/openbao/openbao/releases/assets/486047728"

[[tools."http:alpine-make-vm-image"]]
version = "0.13.4"
backend = "http:alpine-make-vm-image"

[tools."http:alpine-make-vm-image"."platforms.linux-arm64"]
checksum = "sha256:c643b7f894e34575836c4835bd2ded6f27958ea5212c1295b4f82ccd0b670029"
url = "https://raw.githubusercontent.com/alpinelinux/alpine-make-vm-image/v0.13.4/alpine-make-vm-image"

[tools."http:alpine-make-vm-image"."platforms.linux-arm64-musl"]
checksum = "sha256:c643b7f894e34575836c4835bd2ded6f27958ea5212c1295b4f82ccd0b670029"
url = "https://raw.githubusercontent.com/alpinelinux/alpine-make-vm-image/v0.13.4/alpine-make-vm-image"

[tools."http:alpine-make-vm-image"."platforms.linux-x64"]
checksum = "sha256:c643b7f894e34575836c4835bd2ded6f27958ea5212c1295b4f82ccd0b670029"
url = "https://raw.githubusercontent.com/alpinelinux/alpine-make-vm-image/v0.13.4/alpine-make-vm-image"

[tools."http:alpine-make-vm-image"."platforms.linux-x64-musl"]
checksum = "sha256:c643b7f894e34575836c4835bd2ded6f27958ea5212c1295b4f82ccd0b670029"
url = "https://raw.githubusercontent.com/alpinelinux/alpine-make-vm-image/v0.13.4/alpine-make-vm-image"

[tools."http:alpine-make-vm-image"."platforms.macos-arm64"]
checksum = "sha256:c643b7f894e34575836c4835bd2ded6f27958ea5212c1295b4f82ccd0b670029"
url = "https://raw.githubusercontent.com/alpinelinux/alpine-make-vm-image/v0.13.4/alpine-make-vm-image"

[tools."http:alpine-make-vm-image"."platforms.macos-x64"]
checksum = "sha256:c643b7f894e34575836c4835bd2ded6f27958ea5212c1295b4f82ccd0b670029"
url = "https://raw.githubusercontent.com/alpinelinux/alpine-make-vm-image/v0.13.4/alpine-make-vm-image"

[tools."http:alpine-make-vm-image"."platforms.windows-x64"]
checksum = "sha256:c643b7f894e34575836c4835bd2ded6f27958ea5212c1295b4f82ccd0b670029"
url = "https://raw.githubusercontent.com/alpinelinux/alpine-make-vm-image/v0.13.4/alpine-make-vm-image"

[[tools.shellcheck]]
version = "0.11.0"
backend = "aqua:koalaman/shellcheck"

[tools.shellcheck."platforms.linux-arm64"]
checksum = "sha256:12b331c1d2db6b9eb13cfca64306b1b157a86eb69db83023e261eaa7e7c14588"
url = "https://github.com/koalaman/shellcheck/releases/download/v0.11.0/shellcheck-v0.11.0.linux.aarch64.tar.xz"
url_api = "https://api.github.com/repos/koalaman/shellcheck/releases/assets/279056934"

[tools.shellcheck."platforms.linux-arm64-musl"]
checksum = "sha256:12b331c1d2db6b9eb13cfca64306b1b157a86eb69db83023e261eaa7e7c14588"
url = "https://github.com/koalaman/shellcheck/releases/download/v0.11.0/shellcheck-v0.11.0.linux.aarch64.tar.xz"
url_api = "https://api.github.com/repos/koalaman/shellcheck/releases/assets/279056934"

[tools.shellcheck."platforms.linux-x64"]
checksum = "sha256:8c3be12b05d5c177a04c29e3c78ce89ac86f1595681cab149b65b97c4e227198"
url = "https://github.com/koalaman/shellcheck/releases/download/v0.11.0/shellcheck-v0.11.0.linux.x86_64.tar.xz"
url_api = "https://api.github.com/repos/koalaman/shellcheck/releases/assets/279056942"

[tools.shellcheck."platforms.linux-x64-musl"]
checksum = "sha256:8c3be12b05d5c177a04c29e3c78ce89ac86f1595681cab149b65b97c4e227198"
url = "https://github.com/koalaman/shellcheck/releases/download/v0.11.0/shellcheck-v0.11.0.linux.x86_64.tar.xz"
url_api = "https://api.github.com/repos/koalaman/shellcheck/releases/assets/279056942"

[tools.shellcheck."platforms.macos-arm64"]
checksum = "sha256:56affdd8de5527894dca6dc3d7e0a99a873b0f004d7aabc30ae407d3f48b0a79"
url = "https://github.com/koalaman/shellcheck/releases/download/v0.11.0/shellcheck-v0.11.0.darwin.aarch64.tar.xz"
url_api = "https://api.github.com/repos/koalaman/shellcheck/releases/assets/279056932"

[tools.shellcheck."platforms.macos-x64"]
checksum = "sha256:3c89db4edcab7cf1c27bff178882e0f6f27f7afdf54e859fa041fca10febe4c6"
url = "https://github.com/koalaman/shellcheck/releases/download/v0.11.0/shellcheck-v0.11.0.darwin.x86_64.tar.xz"
url_api = "https://api.github.com/repos/koalaman/shellcheck/releases/assets/279056930"

[tools.shellcheck."platforms.windows-x64"]
checksum = "sha256:8a4e35ab0b331c85d73567b12f2a444df187f483e5079ceffa6bda1faa2e740e"
url = "https://github.com/koalaman/shellcheck/releases/download/v0.11.0/shellcheck-v0.11.0.zip"
url_api = "https://api.github.com/repos/koalaman/shellcheck/releases/assets/279056944"
